// !$*UTF8*$!
{
	archiveVersion = 1;
	classes = {
	};
	objectVersion = 70;
	objects = {

/* Begin PBXBuildFile section */
		71220E7324D6FC7700BA6013 /* HomeIndicator WatchKit App.app in Embed Watch Content */ = {isa = PBXBuildFile; fileRef = 71220E7224D6FC7700BA6013 /* HomeIndicator WatchKit App.app */; settings = {ATTRIBUTES = (RemoveHeadersOnCopy, ); }; };
		9A9E041E2EB34DA2CE26B47F /* Foundation.framework in Frameworks */ = {isa = PBXBuildFile; fileRef = 5CED350162520B3CF2B2BDF9 /* Foundation.framework */; };
		A48FCE8567367E499FCE1D14 /* HomeIndicator Widget Extension.appex in Embed Foundation Extensions */ = {isa = PBXBuildFile; fileRef = 22F0A3629297C7F7B8121E3E /* HomeIndicator Widget Extension.appex */; };
/* End PBXBuildFile section */

/* Begin PBXContainerItemProxy section */
		3E072A1554EE7A4444CB3CA0 /* PBXContainerItemProxy */ = {
			isa = PBXContainerItemProxy;
			containerPortal = 71220E6824D6FC7700BA6013 /* Project object */;
			proxyType = 1;
			remoteGlobalIDString = 3308B7DC04539F2137651CDE;
			remoteInfo = "HomeIndicator Widget Extension";
		};
		71220E7424D6FC7700BA6013 /* PBXContainerItemProxy */ = {
			isa = PBXContainerItemProxy;
			containerPortal = 71220E6824D6FC7700BA6013 /* Project object */;
			proxyType = 1;
			remoteGlobalIDString = 71220E7124D6FC7700BA6013;
			remoteInfo = "HomeIndicator WatchKit App";
		};
/* End PBXContainerItemProxy section */

/* Begin PBXCopyFilesBuildPhase section */
		71220E9E24D6FC8000BA6013 /* Embed Foundation Extensions */ = {
			isa = PBXCopyFilesBuildPhase;
			buildActionMask = 2147483647;
			dstPath = "";
			dstSubfolderSpec = 13;
			files = (
				A48FCE8567367E499FCE1D14 /* HomeIndicator Widget Extension.appex in Embed Foundation Extensions */,
			);
			name = "Embed Foundation Extensions";
			runOnlyForDeploymentPostprocessing = 0;
		};
		71220EA224D6FC8000BA6013 /* Embed Watch Content */ = {
			isa = PBXCopyFilesBuildPhase;
			buildActionMask = 2147483647;
			dstPath = "$(CONTENTS_FOLDER_PATH)/Watch";
			dstSubfolderSpec = 16;
			files = (
				71220E7324D6FC7700BA6013 /* HomeIndicator WatchKit App.app in Embed Watch Content */,
			);
			name = "Embed Watch Content";
			runOnlyForDeploymentPostprocessing = 0;
		};
/* End PBXCopyFilesBuildPhase section */

/* Begin PBXFileReference section */
		22F0A3629297C7F7B8121E3E /* HomeIndicator Widget Extension.appex */ = {isa = PBXFileReference; explicitFileType = "wrapper.app-extension"; includeInIndex = 0; path = "HomeIndicator Widget Extension.appex"; sourceTree = BUILT_PRODUCTS_DIR; };
		5CED350162520B3CF2B2BDF9 /* Foundation.framework */ = {isa = PBXFileReference; lastKnownFileType = wrapper.framework; name = Foundation.framework; path = System/Library/Frameworks/Foundation.framework; sourceTree = SDKROOT; };
		71220E6E24D6FC7700BA6013 /* HomeIndicator.app */ = {isa = PBXFileReference; explicitFileType = wrapper.application; includeInIndex = 0; path = HomeIndicator.app; sourceTree = BUILT_PRODUCTS_DIR; };
		71220E7224D6FC7700BA6013 /* HomeIndicator WatchKit App.app */ = {isa = PBXFileReference; explicitFileType = wrapper.application; includeInIndex = 0; path = "HomeIndicator WatchKit App.app"; sourceTree = BUILT_PRODUCTS_DIR; };
		872FFC9983629B2E80950A84 /* HomeIndicator WatchKit ExtensionTests.xctest */ = {isa = PBXFileReference; explicitFileType = wrapper.cfbundle; includeInIndex = 0; path = "HomeIndicator WatchKit ExtensionTests.xctest"; sourceTree = BUILT_PRODUCTS_DIR; };
/* End PBXFileReference section */

/* Begin PBXFileSystemSynchronizedBuildFileExceptionSet section */
		71E9EC6B2F44092A00927FBB /* PBXFileSystemSynchronizedBuildFileExceptionSet */ = {
			isa = PBXFileSystemSynchronizedBuildFileExceptionSet;
			membershipExceptions = (
				Info.plist,
			);
			target = 71220E7124D6FC7700BA6013 /* HomeIndicator WatchKit App */;
		};
		71E9EC9A2F4409DC00927FBB /* PBXFileSystemSynchronizedBuildFileExceptionSet */ = {
			isa = PBXFileSystemSynchronizedBuildFileExceptionSet;
			membershipExceptions = (
				HomeIndicatorAccessoryCircularComplication.swift,
				HomeIndicatorWidgetBundle.swift,
			);
			target = 3308B7DC04539F2137651CDE /* HomeIndicator Widget Extension */;
		};
		71E9ED862F440CFA00927FBB /* PBXFileSystemSynchronizedBuildFileExceptionSet */ = {
			isa = PBXFileSystemSynchronizedBuildFileExceptionSet;
			membershipExceptions = (
				ExtendedSessionManager.swift,
				Info.plist,
				PushNotificationPayload.apns,
			);
			target = 71220E7124D6FC7700BA6013 /* HomeIndicator WatchKit App */;
		};
/* End PBXFileSystemSynchronizedBuildFileExceptionSet section */

/* Begin PBXFileSystemSynchronizedRootGroup section */
		71E9EC672F44092A00927FBB /* HomeIndicator WatchKit App */ = {isa = PBXFileSystemSynchronizedRootGroup; exceptions = (71E9EC6B2F44092A00927FBB /* PBXFileSystemSynchronizedBuildFileExceptionSet */, ); explicitFileTypes = {}; explicitFolders = (); path = "HomeIndicator WatchKit App"; sourceTree = "<group>"; };
		71E9EC972F4409DC00927FBB /* HomeIndicator Widget Extension */ = {isa = PBXFileSystemSynchronizedRootGroup; exceptions = (71E9EC9A2F4409DC00927FBB /* PBXFileSystemSynchronizedBuildFileExceptionSet */, ); explicitFileTypes = {}; explicitFolders = (); path = "HomeIndicator Widget Extension"; sourceTree = "<group>"; };
		71E9ED6A2F440CFA00927FBB /* HomeIndicator WatchKit Extension */ = {isa = PBXFileSystemSynchronizedRootGroup; exceptions = (71E9ED862F440CFA00927FBB /* PBXFileSystemSynchronizedBuildFileExceptionSet */, ); explicitFileTypes = {}; explicitFolders = (); path = "HomeIndicator WatchKit Extension"; sourceTree = "<group>"; };
/* End PBXFileSystemSynchronizedRootGroup section */

/* Begin PBXFrameworksBuildPhase section */
		415739530F6B2387648F02BC /* Frameworks */ = {
			isa = PBXFrameworksBuildPhase;
			buildActionMask = 2147483647;
			files = (
				9A9E041E2EB34DA2CE26B47F /* Foundation.framework in Frameworks */,
			);
			runOnlyForDeploymentPostprocessing = 0;
		};
		71220E7E24D6FC7F00BA6013 /* Frameworks */ = {
			isa = PBXFrameworksBuildPhase;
			buildActionMask = 2147483647;
			files = (
			);
			runOnlyForDeploymentPostprocessing = 0;
		};
		BAADC0559B564250A954F8F8 /* Frameworks */ = {
			isa = PBXFrameworksBuildPhase;
			buildActionMask = 2147483647;
			files = (
			);
			runOnlyForDeploymentPostprocessing = 0;
		};
/* End PBXFrameworksBuildPhase section */

/* Begin PBXGroup section */
		71220E6724D6FC7700BA6013 = {
			isa = PBXGroup;
			children = (
				71E9EC672F44092A00927FBB /* HomeIndicator WatchKit App */,
				71E9ED6A2F440CFA00927FBB /* HomeIndicator WatchKit Extension */,
				71220E6F24D6FC7700BA6013 /* Products */,
				E1F09476969EED3AFBDD83B6 /* HomeIndicator WatchKit ExtensionTests */,
				71E9EC972F4409DC00927FBB /* HomeIndicator Widget Extension */,
				C21BA8403848B57F61C147BA /* Frameworks */,
			);
			sourceTree = "<group>";
		};
		71220E6F24D6FC7700BA6013 /* Products */ = {
			isa = PBXGroup;
			children = (
				71220E6E24D6FC7700BA6013 /* HomeIndicator.app */,
				71220E7224D6FC7700BA6013 /* HomeIndicator WatchKit App.app */,
				872FFC9983629B2E80950A84 /* HomeIndicator WatchKit ExtensionTests.xctest */,
				22F0A3629297C7F7B8121E3E /* HomeIndicator Widget Extension.appex */,
			);
			name = Products;
			sourceTree = "<group>";
		};
		990C16AB235021442C514EC9 /* watchOS */ = {
			isa = PBXGroup;
			children = (
				5CED350162520B3CF2B2BDF9 /* Foundation.framework */,
			);
			name = watchOS;
			sourceTree = "<group>";
		};
		C21BA8403848B57F61C147BA /* Frameworks */ = {
			isa = PBXGroup;
			children = (
				990C16AB235021442C514EC9 /* watchOS */,
			);
			name = Frameworks;
			sourceTree = "<group>";
		};
		E1F09476969EED3AFBDD83B6 /* HomeIndicator WatchKit ExtensionTests */ = {isa = PBXFileSystemSynchronizedRootGroup; explicitFileTypes = {}; explicitFolders = (); path = "HomeIndicator WatchKit ExtensionTests"; sourceTree = "<group>"; };
/* End PBXGroup section */

/* Begin PBXNativeTarget section */
		3308B7DC04539F2137651CDE /* HomeIndicator Widget Extension */ = {
			isa = PBXNativeTarget;
			buildConfigurationList = 3D725F2DC897561EAC884CCE /* Build configuration list for PBXNativeTarget "HomeIndicator Widget Extension" */;
			buildPhases = (
				A749B46EABB447CB7F367934 /* Sources */,
				415739530F6B2387648F02BC /* Frameworks */,
				6CFE0C98B6A1F8D80C4D5B08 /* Resources */,
			);
			buildRules = (
			);
			dependencies = (
			);
			name = "HomeIndicator Widget Extension";
			productName = "HomeIndicator Widget Extension";
			productReference = 22F0A3629297C7F7B8121E3E /* HomeIndicator Widget Extension.appex */;
			productType = "com.apple.product-type.app-extension";
		};
		71220E6D24D6FC7700BA6013 /* HomeIndicator */ = {
			isa = PBXNativeTarget;
			buildConfigurationList = 71220EA324D6FC8000BA6013 /* Build configuration list for PBXNativeTarget "HomeIndicator" */;
			buildPhases = (
				71220E6C24D6FC7700BA6013 /* Resources */,
				71220EA224D6FC8000BA6013 /* Embed Watch Content */,
			);
			buildRules = (
			);
			dependencies = (
				71220E7524D6FC7700BA6013 /* PBXTargetDependency */,
			);
			name = HomeIndicator;
			productName = HomeIndicator;
			productReference = 71220E6E24D6FC7700BA6013 /* HomeIndicator.app */;
			productType = "com.apple.product-type.application.watchapp2-container";
		};
		71220E7124D6FC7700BA6013 /* HomeIndicator WatchKit App */ = {
			isa = PBXNativeTarget;
			buildConfigurationList = 71220E9F24D6FC8000BA6013 /* Build configuration list for PBXNativeTarget "HomeIndicator WatchKit App" */;
			buildPhases = (
				71220E7024D6FC7700BA6013 /* Resources */,
				71220E9E24D6FC8000BA6013 /* Embed Foundation Extensions */,
				71220E7D24D6FC7F00BA6013 /* Sources */,
				71220E7E24D6FC7F00BA6013 /* Frameworks */,
			);
			buildRules = (
			);
			dependencies = (
				0B421C2FB39E3EA01CA02A99 /* PBXTargetDependency */,
			);
			fileSystemSynchronizedGroups = (
				71E9EC672F44092A00927FBB /* HomeIndicator WatchKit App */,
				71E9ED6A2F440CFA00927FBB /* HomeIndicator WatchKit Extension */,
			);
			name = "HomeIndicator WatchKit App";
			productName = "HomeIndicator WatchKit App";
			productReference = 71220E7224D6FC7700BA6013 /* HomeIndicator WatchKit App.app */;
			productType = "com.apple.product-type.application";
		};
		C31CE2018A954C8AFD1BA64D /* HomeIndicator WatchKit ExtensionTests */ = {
			isa = PBXNativeTarget;
			buildConfigurationList = C4F48833EA44965DB57E68B0 /* Build configuration list for PBXNativeTarget "HomeIndicator WatchKit ExtensionTests" */;
			buildPhases = (
				6CB83F5C8E85C5AE95C8072A /* Sources */,
				BAADC0559B564250A954F8F8 /* Frameworks */,
				6789210974535F3301897B5E /* Resources */,
			);
			buildRules = (
			);
			dependencies = (
			);
			fileSystemSynchronizedGroups = (
				E1F09476969EED3AFBDD83B6 /* HomeIndicator WatchKit ExtensionTests */,
			);
			name = "HomeIndicator WatchKit ExtensionTests";
			productName = "HomeIndicator WatchKit ExtensionTests";
			productReference = 872FFC9983629B2E80950A84 /* HomeIndicator WatchKit ExtensionTests.xctest */;
			productType = "com.apple.product-type.bundle.unit-test";
		};
/* End PBXNativeTarget section */

/* Begin PBXProject section */
		71220E6824D6FC7700BA6013 /* Project object */ = {
			isa = PBXProject;
			attributes = {
				BuildIndependentTargetsInParallel = YES;
				LastSwiftUpdateCheck = 1160;
				LastUpgradeCheck = 2620;
				ORGANIZATIONNAME = Shitamori;
				TargetAttributes = {
					71220E6D24D6FC7700BA6013 = {
						CreatedOnToolsVersion = 11.6;
					};
					71220E7124D6FC7700BA6013 = {
						CreatedOnToolsVersion = 11.6;
					};
				};
			};
			buildConfigurationList = 71220E6B24D6FC7700BA6013 /* Build configuration list for PBXProject "HomeIndicator" */;
			compatibilityVersion = "Xcode 9.3";
			developmentRegion = ja;
			hasScannedForEncodings = 0;
			knownRegions = (
				en,
				ja,
				Base,
			);
			mainGroup = 71220E6724D6FC7700BA6013;
			productRefGroup = 71220E6F24D6FC7700BA6013 /* Products */;
			projectDirPath = "";
			projectRoot = "";
			targets = (
				71220E6D24D6FC7700BA6013 /* HomeIndicator */,
				71220E7124D6FC7700BA6013 /* HomeIndicator WatchKit App */,
				C31CE2018A954C8AFD1BA64D /* HomeIndicator WatchKit ExtensionTests */,
				3308B7DC04539F2137651CDE /* HomeIndicator Widget Extension */,
			);
		};
/* End PBXProject section */

/* Begin PBXResourcesBuildPhase section */
		6789210974535F3301897B5E /* Resources */ = {
			isa = PBXResourcesBuildPhase;
			buildActionMask = 2147483647;
			files = (
			);
			runOnlyForDeploymentPostprocessing = 0;
		};
		6CFE0C98B6A1F8D80C4D5B08 /* Resources */ = {
			isa = PBXResourcesBuildPhase;
			buildActionMask = 2147483647;
			files = (
			);
			runOnlyForDeploymentPostprocessing = 0;
		};
		71220E6C24D6FC7700BA6013 /* Resources */ = {
			isa = PBXResourcesBuildPhase;
			buildActionMask = 2147483647;
			files = (
			);
			runOnlyForDeploymentPostprocessing = 0;
		};
		71220E7024D6FC7700BA6013 /* Resources */ = {
			isa = PBXResourcesBuildPhase;
			buildActionMask = 2147483647;
			files = (
			);
			runOnlyForDeploymentPostprocessing = 0;
		};
/* End PBXResourcesBuildPhase section */

/* Begin PBXSourcesBuildPhase section */
		6CB83F5C8E85C5AE95C8072A /* Sources */ = {
			isa = PBXSourcesBuildPhase;
			buildActionMask = 2147483647;
			files = (
			);
			runOnlyForDeploymentPostprocessing = 0;
		};
		71220E7D24D6FC7F00BA6013 /* Sources */ = {
			isa = PBXSourcesBuildPhase;
			buildActionMask = 2147483647;
			files = (
			);
			runOnlyForDeploymentPostprocessing = 0;
		};
		A749B46EABB447CB7F367934 /* Sources */ = {
			isa = PBXSourcesBuildPhase;
			buildActionMask = 2147483647;
			files = (
			);
			runOnlyForDeploymentPostprocessing = 0;
		};
/* End PBXSourcesBuildPhase section */

/* Begin PBXTargetDependency section */
		0B421C2FB39E3EA01CA02A99 /* PBXTargetDependency */ = {
			isa = PBXTargetDependency;
			name = "HomeIndicator Widget Extension";
			target = 3308B7DC04539F2137651CDE /* HomeIndicator Widget Extension */;
			targetProxy = 3E072A1554EE7A4444CB3CA0 /* PBXContainerItemProxy */;
		};
		71220E7524D6FC7700BA6013 /* PBXTargetDependency */ = {
			isa = PBXTargetDependency;
			target = 71220E7124D6FC7700BA6013 /* HomeIndicator WatchKit App */;
			targetProxy = 71220E7424D6FC7700BA6013 /* PBXContainerItemProxy */;
		};
/* End PBXTargetDependency section */

/* Begin XCBuildConfiguration section */
		24C5EE1F3902864CAE4A4E12 /* Release */ = {
			isa = XCBuildConfiguration;
			buildSettings = {
				APPLICATION_EXTENSION_API_ONLY = YES;
				CODE_SIGN_ENTITLEMENTS = "HomeIndicator Widget Extension/HomeIndicator Widget Extension.entitlements";
				CODE_SIGN_STYLE = Automatic;
				INFOPLIST_FILE = "HomeIndicator Widget Extension/Info.plist";
				PRODUCT_BUNDLE_IDENTIFIER = com.Shitamori.HomeIndicator.watchkitapp.widgetextension;
				PRODUCT_NAME = "$(TARGET_NAME)";
				SDKROOT = watchos;
				SKIP_INSTALL = YES;
				SWIFT_STRICT_CONCURRENCY = complete;
				SWIFT_VERSION = 6.0;
				TARGETED_DEVICE_FAMILY = 4;
				VALIDATE_PRODUCT = YES;
				WATCHOS_DEPLOYMENT_TARGET = 10.0;
			};
			name = Release;
		};
		41EBF09F53AB848AC01AF6EF /* Release */ = {
			isa = XCBuildConfiguration;
			buildSettings = {
				CODE_SIGN_STYLE = Automatic;
				GENERATE_INFOPLIST_FILE = YES;
				PRODUCT_BUNDLE_IDENTIFIER = com.Shitamori.HomeIndicator.watchkitapp.watchkitextensiontests;
				PRODUCT_NAME = "$(TARGET_NAME)";
				SDKROOT = watchos;
				SWIFT_STRICT_CONCURRENCY = complete;
				SWIFT_VERSION = 6.0;
				TARGETED_DEVICE_FAMILY = 4;
				VALIDATE_PRODUCT = YES;
				WATCHOS_DEPLOYMENT_TARGET = 10.0;
			};
			name = Release;
		};
		4E304C4CC4128EA5A6FDA5FF /* Debug */ = {
			isa = XCBuildConfiguration;
			buildSettings = {
				CODE_SIGN_STYLE = Automatic;
				GENERATE_INFOPLIST_FILE = YES;
				PRODUCT_BUNDLE_IDENTIFIER = com.Shitamori.HomeIndicator.watchkitapp.watchkitextensiontests;
				PRODUCT_NAME = "$(TARGET_NAME)";
				SDKROOT = watchos;
				SWIFT_STRICT_CONCURRENCY = complete;
				SWIFT_VERSION = 6.0;
				TARGETED_DEVICE_FAMILY = 4;
				WATCHOS_DEPLOYMENT_TARGET = 10.0;
			};
			name = Debug;
		};
		71220E9924D6FC8000BA6013 /* Debug */ = {
			isa = XCBuildConfiguration;
			buildSettings = {
				ALWAYS_SEARCH_USER_PATHS = NO;
				ASSETCATALOG_COMPILER_GENERATE_SWIFT_ASSET_SYMBOL_EXTENSIONS = YES;
				CLANG_ANALYZER_LOCALIZABILITY_NONLOCALIZED = YES;
				CLANG_ANALYZER_NONNULL = YES;
				CLANG_ANALYZER_NUMBER_OBJECT_CONVERSION = YES_AGGRESSIVE;
				CLANG_CXX_LANGUAGE_STANDARD = "gnu++14";
				CLANG_CXX_LIBRARY = "libc++";
				CLANG_ENABLE_MODULES = YES;
				CLANG_ENABLE_OBJC_ARC = YES;
				CLANG_ENABLE_OBJC_WEAK = YES;
				CLANG_WARN_BLOCK_CAPTURE_AUTORELEASING = YES;
				CLANG_WARN_BOOL_CONVERSION = YES;
				CLANG_WARN_COMMA = YES;
				CLANG_WARN_CONSTANT_CONVERSION = YES;
				CLANG_WARN_DEPRECATED_OBJC_IMPLEMENTATIONS = YES;
				CLANG_WARN_DIRECT_OBJC_ISA_USAGE = YES_ERROR;
				CLANG_WARN_DOCUMENTATION_COMMENTS = YES;
				CLANG_WARN_EMPTY_BODY = YES;
				CLANG_WARN_ENUM_CONVERSION = YES;
				CLANG_WARN_INFINITE_RECURSION = YES;
				CLANG_WARN_INT_CONVERSION = YES;
				CLANG_WARN_NON_LITERAL_NULL_CONVERSION = YES;
				CLANG_WARN_OBJC_IMPLICIT_RETAIN_SELF = YES;
				CLANG_WARN_OBJC_LITERAL_CONVERSION = YES;
				CLANG_WARN_OBJC_ROOT_CLASS = YES_ERROR;
				CLANG_WARN_QUOTED_INCLUDE_IN_FRAMEWORK_HEADER = YES;
				CLANG_WARN_RANGE_LOOP_ANALYSIS = YES;
				CLANG_WARN_STRICT_PROTOTYPES = YES;
				CLANG_WARN_SUSPICIOUS_MOVE = YES;
				CLANG_WARN_UNGUARDED_AVAILABILITY = YES_AGGRESSIVE;
				CLANG_WARN_UNREACHABLE_CODE = YES;
				CLANG_WARN__DUPLICATE_METHOD_MATCH = YES;
				COPY_PHASE_STRIP = NO;
				DEBUG_INFORMATION_FORMAT = dwarf;
				DEVELOPMENT_TEAM = 95VBBVY9CC;
				ENABLE_STRICT_OBJC_MSGSEND = YES;
				ENABLE_TESTABILITY = YES;
				ENABLE_USER_SCRIPT_SANDBOXING = YES;
				GCC_C_LANGUAGE_STANDARD = gnu11;
				GCC_DYNAMIC_NO_PIC = NO;
				GCC_NO_COMMON_BLOCKS = YES;
				GCC_OPTIMIZATION_LEVEL = 0;
				GCC_PREPROCESSOR_DEFINITIONS = (
					"DEBUG=1",
					"$(inherited)",
				);
				GCC_WARN_64_TO_32_BIT_CONVERSION = YES;
				GCC_WARN_ABOUT_RETURN_TYPE = YES_ERROR;
				GCC_WARN_UNDECLARED_SELECTOR = YES;
				GCC_WARN_UNINITIALIZED_AUTOS = YES_AGGRESSIVE;
				GCC_WARN_UNUSED_FUNCTION = YES;
				GCC_WARN_UNUSED_VARIABLE = YES;
				MTL_ENABLE_DEBUG_INFO = INCLUDE_SOURCE;
				MTL_FAST_MATH = YES;
				ONLY_ACTIVE_ARCH = YES;
				SDKROOT = iphoneos;
				STRING_CATALOG_GENERATE_SYMBOLS = YES;
				SWIFT_ACTIVE_COMPILATION_CONDITIONS = DEBUG;
				SWIFT_OPTIMIZATION_LEVEL = "-Onone";
				TARGETED_DEVICE_FAMILY = "1,2";
			};
			name = Debug;
		};
		71220E9A24D6FC8000BA6013 /* Release */ = {
			isa = XCBuildConfiguration;
			buildSettings = {
				ALWAYS_SEARCH_USER_PATHS = NO;
				ASSETCATALOG_COMPILER_GENERATE_SWIFT_ASSET_SYMBOL_EXTENSIONS = YES;
				CLANG_ANALYZER_LOCALIZABILITY_NONLOCALIZED = YES;
				CLANG_ANALYZER_NONNULL = YES;
				CLANG_ANALYZER_NUMBER_OBJECT_CONVERSION = YES_AGGRESSIVE;
				CLANG_CXX_LANGUAGE_STANDARD = "gnu++14";
				CLANG_CXX_LIBRARY = "libc++";
				CLANG_ENABLE_MODULES = YES;
				CLANG_ENABLE_OBJC_ARC = YES;
				CLANG_ENABLE_OBJC_WEAK = YES;
				CLANG_WARN_BLOCK_CAPTURE_AUTORELEASING = YES;
				CLANG_WARN_BOOL_CONVERSION = YES;
				CLANG_WARN_COMMA = YES;
				CLANG_WARN_CONSTANT_CONVERSION = YES;
				CLANG_WARN_DEPRECATED_OBJC_IMPLEMENTATIONS = YES;
				CLANG_WARN_DIRECT_OBJC_ISA_USAGE = YES_ERROR;
				CLANG_WARN_DOCUMENTATION_COMMENTS = YES;
				CLANG_WARN_EMPTY_BODY = YES;
				CLANG_WARN_ENUM_CONVERSION = YES;
				CLANG_WARN_INFINITE_RECURSION = YES;
				CLANG_WARN_INT_CONVERSION = YES;
				CLANG_WARN_NON_LITERAL_NULL_CONVERSION = YES;
				CLANG_WARN_OBJC_IMPLICIT_RETAIN_SELF = YES;
				CLANG_WARN_OBJC_LITERAL_CONVERSION = YES;
				CLANG_WARN_OBJC_ROOT_CLASS = YES_ERROR;
				CLANG_WARN_QUOTED_INCLUDE_IN_FRAMEWORK_HEADER = YES;
				CLANG_WARN_RANGE_LOOP_ANALYSIS = YES;
				CLANG_WARN_STRICT_PROTOTYPES = YES;
				CLANG_WARN_SUSPICIOUS_MOVE = YES;
				CLANG_WARN_UNGUARDED_AVAILABILITY = YES_AGGRESSIVE;
				CLANG_WARN_UNREACHABLE_CODE = YES;
				CLANG_WARN__DUPLICATE_METHOD_MATCH = YES;
				COPY_PHASE_STRIP = NO;
				DEBUG_INFORMATION_FORMAT = "dwarf-with-dsym";
				DEVELOPMENT_TEAM = 95VBBVY9CC;
				ENABLE_NS_ASSERTIONS = NO;
				ENABLE_STRICT_OBJC_MSGSEND = YES;
				ENABLE_USER_SCRIPT_SANDBOXING = YES;
				GCC_C_LANGUAGE_STANDARD = gnu11;
				GCC_NO_COMMON_BLOCKS = YES;
				GCC_WARN_64_TO_32_BIT_CONVERSION = YES;
				GCC_WARN_ABOUT_RETURN_TYPE = YES_ERROR;
				GCC_WARN_UNDECLARED_SELECTOR = YES;
				GCC_WARN_UNINITIALIZED_AUTOS = YES_AGGRESSIVE;
				GCC_WARN_UNUSED_FUNCTION = YES;
				GCC_WARN_UNUSED_VARIABLE = YES;
				MTL_ENABLE_DEBUG_INFO = NO;
				MTL_FAST_MATH = YES;
				SDKROOT = iphoneos;
				STRING_CATALOG_GENERATE_SYMBOLS = YES;
				SWIFT_COMPILATION_MODE = wholemodule;
				SWIFT_OPTIMIZATION_LEVEL = "-O";
				TARGETED_DEVICE_FAMILY = "1,2";
				VALIDATE_PRODUCT = YES;
			};
			name = Release;
		};
		71220EA024D6FC8000BA6013 /* Debug */ = {
			isa = XCBuildConfiguration;
			buildSettings = {
				ASSETCATALOG_COMPILER_APPICON_NAME = AppIcon;
				CODE_SIGN_ENTITLEMENTS = "HomeIndicator WatchKit Extension/HomeIndicator WatchKit Extension.entitlements";
				CODE_SIGN_STYLE = Automatic;
				CURRENT_PROJECT_VERSION = 30;
				INFOPLIST_FILE = "HomeIndicator WatchKit App/Info.plist";
				LD_RUNPATH_SEARCH_PATHS = (
					"@executable_path/Frameworks",
					"@executable_path/../../Frameworks",
				);
				MARKETING_VERSION = 1.2.0;
				PRODUCT_BUNDLE_IDENTIFIER = com.Shitamori.HomeIndicator.watchkitapp;
				PRODUCT_NAME = "$(TARGET_NAME)";
				PROVISIONING_PROFILE_SPECIFIER = "";
				SDKROOT = watchos;
				SKIP_INSTALL = NO;
				SWIFT_STRICT_CONCURRENCY = complete;
				SWIFT_VERSION = 6.0;
				TARGETED_DEVICE_FAMILY = 4;
				WATCHOS_DEPLOYMENT_TARGET = 10.0;
			};
			name = Debug;
		};
		71220EA124D6FC8000BA6013 /* Release */ = {
			isa = XCBuildConfiguration;
			buildSettings = {
				ASSETCATALOG_COMPILER_APPICON_NAME = AppIcon;
				CODE_SIGN_ENTITLEMENTS = "HomeIndicator WatchKit Extension/HomeIndicator WatchKit Extension.entitlements";
				CODE_SIGN_STYLE = Automatic;
				CURRENT_PROJECT_VERSION = 30;
				INFOPLIST_FILE = "HomeIndicator WatchKit App/Info.plist";
				LD_RUNPATH_SEARCH_PATHS = (
					"@executable_path/Frameworks",
					"@executable_path/../../Frameworks",
				);
				MARKETING_VERSION = 1.2.0;
				PRODUCT_BUNDLE_IDENTIFIER = com.Shitamori.HomeIndicator.watchkitapp;
				PRODUCT_NAME = "$(TARGET_NAME)";
				PROVISIONING_PROFILE_SPECIFIER = "";
				SDKROOT = watchos;
				SKIP_INSTALL = NO;
				SWIFT_STRICT_CONCURRENCY = complete;
				SWIFT_VERSION = 6.0;
				TARGETED_DEVICE_FAMILY = 4;
				WATCHOS_DEPLOYMENT_TARGET = 10.0;
			};
			name = Release;
		};
		71220EA424D6FC8000BA6013 /* Debug */ = {
			isa = XCBuildConfiguration;
			buildSettings = {
				CODE_SIGN_STYLE = Automatic;
				CURRENT_PROJECT_VERSION = 30;
				INFOPLIST_FILE = "HomeIndicator WatchKit App/usage.plist";
				MARKETING_VERSION = 1.2.0;
				PRODUCT_BUNDLE_IDENTIFIER = com.Shitamori.HomeIndicator;
				PRODUCT_NAME = "$(TARGET_NAME)";
				PROVISIONING_PROFILE_SPECIFIER = "";
				SWIFT_STRICT_CONCURRENCY = complete;
				SWIFT_VERSION = 6.0;
			};
			name = Debug;
		};
		71220EA524D6FC8000BA6013 /* Release */ = {
			isa = XCBuildConfiguration;
			buildSettings = {
				CODE_SIGN_STYLE = Automatic;
				CURRENT_PROJECT_VERSION = 30;
				INFOPLIST_FILE = "HomeIndicator WatchKit App/usage.plist";
				MARKETING_VERSION = 1.2.0;
				PRODUCT_BUNDLE_IDENTIFIER = com.Shitamori.HomeIndicator;
				PRODUCT_NAME = "$(TARGET_NAME)";
				PROVISIONING_PROFILE_SPECIFIER = "";
				SWIFT_STRICT_CONCURRENCY = complete;
				SWIFT_VERSION = 6.0;
			};
			name = Release;
		};
		EB4CA01ED5E5567CB2AC56D0 /* Debug */ = {
			isa = XCBuildConfiguration;
			buildSettings = {
				APPLICATION_EXTENSION_API_ONLY = YES;
				CODE_SIGN_ENTITLEMENTS = "HomeIndicator Widget Extension/HomeIndicator Widget Extension.entitlements";
				CODE_SIGN_STYLE = Automatic;
				INFOPLIST_FILE = "HomeIndicator Widget Extension/Info.plist";
				PRODUCT_BUNDLE_IDENTIFIER = com.Shitamori.HomeIndicator.watchkitapp.widgetextension;
				PRODUCT_NAME = "$(TARGET_NAME)";
				SDKROOT = watchos;
				SKIP_INSTALL = YES;
				SWIFT_STRICT_CONCURRENCY = complete;
				SWIFT_VERSION = 6.0;
				TARGETED_DEVICE_FAMILY = 4;
				WATCHOS_DEPLOYMENT_TARGET = 10.0;
			};
			name = Debug;
		};
/* End XCBuildConfiguration section */

/* Begin XCConfigurationList section */
		3D725F2DC897561EAC884CCE /* Build configuration list for PBXNativeTarget "HomeIndicator Widget Extension" */ = {
			isa = XCConfigurationList;
			buildConfigurations = (
				24C5EE1F3902864CAE4A4E12 /* Release */,
				EB4CA01ED5E5567CB2AC56D0 /* Debug */,
			);
			defaultConfigurationIsVisible = 0;
			defaultConfigurationName = Release;
		};
		71220E6B24D6FC7700BA6013 /* Build configuration list for PBXProject "HomeIndicator" */ = {
			isa = XCConfigurationList;
			buildConfigurations = (
				71220E9924D6FC8000BA6013 /* Debug */,
				71220E9A24D6FC8000BA6013 /* Release */,
			);
			defaultConfigurationIsVisible = 0;
			defaultConfigurationName = Release;
		};
		71220E9F24D6FC8000BA6013 /* Build configuration list for PBXNativeTarget "HomeIndicator WatchKit App" */ = {
			isa = XCConfigurationList;
			buildConfigurations = (
				71220EA024D6FC8000BA6013 /* Debug */,
				71220EA124D6FC8000BA6013 /* Release */,
			);
			defaultConfigurationIsVisible = 0;
			defaultConfigurationName = Release;
		};
		71220EA324D6FC8000BA6013 /* Build configuration list for PBXNativeTarget "HomeIndicator" */ = {
			isa = XCConfigurationList;
			buildConfigurations = (
				71220EA424D6FC8000BA6013 /* Debug */,
				71220EA524D6FC8000BA6013 /* Release */,
			);
			defaultConfigurationIsVisible = 0;
			defaultConfigurationName = Release;
		};
		C4F48833EA44965DB57E68B0 /* Build configuration list for PBXNativeTarget "HomeIndicator WatchKit ExtensionTests" */ = {
			isa = XCConfigurationList;
			buildConfigurations = (
				41EBF09F53AB848AC01AF6EF /* Release */,
				4E304C4CC4128EA5A6FDA5FF /* Debug */,
			);
			defaultConfigurationIsVisible = 0;
			defaultConfigurationName = Release;
		};
/* End XCConfigurationList section */
	};
	rootObject = 71220E6824D6FC7700BA6013 /* Project object */;
}
